
Microsoft Visual Studio Solution File, Format Version 12.00
# Visual Studio Version 17
VisualStudioVersion = 17.2.32616.157
MinimumVisualStudioVersion = 10.0.40219.1
Project("{FAE04EC0-301F-11D3-BF4B-00C04F79EFBC}") = "SyntaxSugarExercise", "SyntaxSugarExercise\SyntaxSugarExercise.csproj", "{99ABC742-383C-419C-90AF-A3E75249EA79}"
EndProject
Global
	GlobalSection(SolutionConfigurationPlatforms) = preSolution
		Debug|Any CPU = Debug|Any CPU
		Release|Any CPU = Release|Any CPU
	EndGlobalSection
	GlobalSection(ProjectConfigurationPlatforms) = postSolution
		{99ABC742-383C-419C-90AF-A3E75249EA79}.Debug|Any CPU.ActiveCfg = Debug|Any CPU
		{99ABC742-383C-419C-90AF-A3E75249EA79}.Debug|Any CPU.Build.0 = Debug|Any CPU
		{99ABC742-383C-419C-90AF-A3E75249EA79}.Release|Any CPU.ActiveCfg = Release|Any CPU
		{99ABC742-383C-419C-90AF-A3E75249EA79}.Release|Any CPU.Build.0 = Release|Any CPU
	EndGlobalSection
	GlobalSection(SolutionProperties) = preSolution
		HideSolutionNode = FALSE
	EndGlobalSection
	GlobalSection(ExtensibilityGlobals) = postSolution
		SolutionGuid = {2AD565B3-4E41-4FF0-8B1C-EB1BB8828A57}
	EndGlobalSection
EndGlobal
